
Microsoft Visual Studio Solution File, Format Version 12.00
# Visual Studio Version 16
VisualStudioVersion = 16.0.36324.18
MinimumVisualStudioVersion = 10.0.40219.1
Project("{FAE04EC0-301F-11D3-BF4B-00C04F79EFBC}") = "noughts-and-crosses", "noughts-and-crosses\noughts-and-crosses.csproj", "{F2026361-D532-4853-8828-95129970D524}"
EndProject
Global
	GlobalSection(SolutionConfigurationPlatforms) = preSolution
		Debug|Any CPU = Debug|Any CPU
		Release|Any CPU = Release|Any CPU
	EndGlobalSection
	GlobalSection(ProjectConfigurationPlatforms) = postSolution
		{F2026361-D532-4853-8828-95129970D524}.Debug|Any CPU.ActiveCfg = Debug|Any CPU
		{F2026361-D532-4853-8828-95129970D524}.Debug|Any CPU.Build.0 = Debug|Any CPU
		{F2026361-D532-4853-8828-95129970D524}.Release|Any CPU.ActiveCfg = Release|Any CPU
		{F2026361-D532-4853-8828-95129970D524}.Release|Any CPU.Build.0 = Release|Any CPU
	EndGlobalSection
	GlobalSection(SolutionProperties) = preSolution
		HideSolutionNode = FALSE
	EndGlobalSection
	GlobalSection(ExtensibilityGlobals) = postSolution
		SolutionGuid = {A5CB7AD7-1FD7-4C38-B911-2ED15C376E8A}
	EndGlobalSection
EndGlobal
